{
  "name": "bruh",
  "version": "1.0.0",
  "lockfileVersion": 3,
  "requires": true,
  "packages": {
    "": {
      "name": "bruh",
      "version": "1.0.0",
      "license": "ISC",
      "dependencies": {
        "parjs": "^1.2.3"
      },
      "devDependencies": {
        "@types/node": "^20.12.5"
      }
    },
    "node_modules/@types/node": {
      "version": "20.12.5",
      "resolved": "https://registry.npmjs.org/@types/node/-/node-20.12.5.tgz",
      "integrity": "sha512-BD+BjQ9LS/D8ST9p5uqBxghlN+S42iuNxjsUGjeZobe/ciXzk2qb1B6IXc6AnRLS+yFJRpN2IPEHMzwspfDJNw==",
      "dev": true,
      "dependencies": {
        "undici-types": "~5.26.4"
      }
    },
    "node_modules/char-info": {
      "version": "0.3.2",
      "resolved": "https://registry.npmjs.org/char-info/-/char-info-0.3.2.tgz",
      "integrity": "sha512-6P6KW8crZx+N857wZalB4FreR+PhheSLmAk22c8zbQsFhsDxZP1aTDfmOjrzddgp1IBOl53b0Z8kDQrwh4B//A==",
      "dependencies": {
        "node-interval-tree": "^1.3.3"
      }
    },
    "node_modules/node-interval-tree": {
      "version": "1.3.3",
      "resolved": "https://registry.npmjs.org/node-interval-tree/-/node-interval-tree-1.3.3.tgz",
      "integrity": "sha512-K9vk96HdTK5fEipJwxSvIIqwTqr4e3HRJeJrNxBSeVMNSC/JWARRaX7etOLOuTmrRMeOI/K5TCJu3aWIwZiNTw==",
      "dependencies": {
        "shallowequal": "^1.0.2"
      },
      "engines": {
        "node": ">= 7.6.0"
      }
    },
    "node_modules/parjs": {
      "version": "1.2.3",
      "resolved": "https://registry.npmjs.org/parjs/-/parjs-1.2.3.tgz",
      "integrity": "sha512-9Kp0TOwSaGvZBIXh+TOfSsx2hDie5HKauPcDXu7B6NoaGkfVnkoZC53L9n9lhhXNuUIk+rueeSGSCJ+EeTRsAg==",
      "dependencies": {
        "char-info": "0.3.2"
      }
    },
    "node_modules/shallowequal": {
      "version": "1.1.0",
      "resolved": "https://registry.npmjs.org/shallowequal/-/shallowequal-1.1.0.tgz",
      "integrity": "sha512-y0m1JoUZSlPAjXVtPPW70aZWfIL/dSP7AFkRnniLCrK/8MDKog3TySTBmckD+RObVxH0v4Tox67+F14PdED2oQ=="
    },
    "node_modules/undici-types": {
      "version": "5.26.5",
      "resolved": "https://registry.npmjs.org/undici-types/-/undici-types-5.26.5.tgz",
      "integrity": "sha512-JlCMO+ehdEIKqlFxk6IfVoAUVmgz7cU7zD/h9XZ0qzeosSHmUJVOzSQvvYSYWXkFXC+IfLKSIffhv0sVZup6pA==",
      "dev": true
    }
  }
}
